
Microsoft Visual Studio Solution File, Format Version 12.00
# Visual Studio Version 17
VisualStudioVersion = 17.13.35931.197 d17.13
MinimumVisualStudioVersion = 10.0.40219.1
Project("{FAE04EC0-301F-11D3-BF4B-00C04F79EFBC}") = "GIGI", "GIGI\GIGI.csproj", "{B96104E1-45DA-412D-BB59-353910EACDFC}"
EndProject
Global
	GlobalSection(SolutionConfigurationPlatforms) = preSolution
		Debug|Any CPU = Debug|Any CPU
		Release|Any CPU = Release|Any CPU
	EndGlobalSection
	GlobalSection(ProjectConfigurationPlatforms) = postSolution
		{B96104E1-45DA-412D-BB59-353910EACDFC}.Debug|Any CPU.ActiveCfg = Debug|Any CPU
		{B96104E1-45DA-412D-BB59-353910EACDFC}.Debug|Any CPU.Build.0 = Debug|Any CPU
		{B96104E1-45DA-412D-BB59-353910EACDFC}.Release|Any CPU.ActiveCfg = Release|Any CPU
		{B96104E1-45DA-412D-BB59-353910EACDFC}.Release|Any CPU.Build.0 = Release|Any CPU
	EndGlobalSection
	GlobalSection(SolutionProperties) = preSolution
		HideSolutionNode = FALSE
	EndGlobalSection
	GlobalSection(ExtensibilityGlobals) = postSolution
		SolutionGuid = {023030BF-9C46-4CCB-BB01-54BF3DEF4C48}
	EndGlobalSection
EndGlobal
